
Microsoft Visual Studio Solution File, Format Version 12.00
# Visual Studio Version 17
VisualStudioVersion = 17.0.31903.59
MinimumVisualStudioVersion = 10.0.40219.1
Project("{9A19103F-16F7-4668-BE54-9A1E7A4F7556}") = "API", "API\API.csproj", "{F1F8439A-FF34-4758-B346-DA1F106A0541}"
EndProject
Project("{9A19103F-16F7-4668-BE54-9A1E7A4F7556}") = "Core", "Core\Core.csproj", "{BD20B0B1-E44B-4235-BA03-B2AC9F3A9A0D}"
EndProject
Project("{9A19103F-16F7-4668-BE54-9A1E7A4F7556}") = "Infrstructure", "Infrstructure\Infrstructure.csproj", "{53541B66-4A28-4BE9-8618-C58C3A12008B}"
EndProject
Project("{2150E333-8FDC-42A3-9474-1A3956D46DE8}") = "Solution Items", "Solution Items", "{0CC6E326-1C17-445E-9F03-844FA591F897}"
	ProjectSection(SolutionItems) = preProject
		docker-compose.yml = docker-compose.yml
	EndProjectSection
EndProject
Global
	GlobalSection(SolutionConfigurationPlatforms) = preSolution
		Debug|Any CPU = Debug|Any CPU
		Release|Any CPU = Release|Any CPU
	EndGlobalSection
	GlobalSection(ProjectConfigurationPlatforms) = postSolution
		{F1F8439A-FF34-4758-B346-DA1F106A0541}.Debug|Any CPU.ActiveCfg = Debug|Any CPU
		{F1F8439A-FF34-4758-B346-DA1F106A0541}.Debug|Any CPU.Build.0 = Debug|Any CPU
		{F1F8439A-FF34-4758-B346-DA1F106A0541}.Release|Any CPU.ActiveCfg = Release|Any CPU
		{F1F8439A-FF34-4758-B346-DA1F106A0541}.Release|Any CPU.Build.0 = Release|Any CPU
		{BD20B0B1-E44B-4235-BA03-B2AC9F3A9A0D}.Debug|Any CPU.ActiveCfg = Debug|Any CPU
		{BD20B0B1-E44B-4235-BA03-B2AC9F3A9A0D}.Debug|Any CPU.Build.0 = Debug|Any CPU
		{BD20B0B1-E44B-4235-BA03-B2AC9F3A9A0D}.Release|Any CPU.ActiveCfg = Release|Any CPU
		{BD20B0B1-E44B-4235-BA03-B2AC9F3A9A0D}.Release|Any CPU.Build.0 = Release|Any CPU
		{53541B66-4A28-4BE9-8618-C58C3A12008B}.Debug|Any CPU.ActiveCfg = Debug|Any CPU
		{53541B66-4A28-4BE9-8618-C58C3A12008B}.Debug|Any CPU.Build.0 = Debug|Any CPU
		{53541B66-4A28-4BE9-8618-C58C3A12008B}.Release|Any CPU.ActiveCfg = Release|Any CPU
		{53541B66-4A28-4BE9-8618-C58C3A12008B}.Release|Any CPU.Build.0 = Release|Any CPU
	EndGlobalSection
	GlobalSection(SolutionProperties) = preSolution
		HideSolutionNode = FALSE
	EndGlobalSection
	GlobalSection(ExtensibilityGlobals) = postSolution
		SolutionGuid = {77D48168-E4ED-4EED-85F9-F1B0C468A6D7}
	EndGlobalSection
EndGlobal
